
Microsoft Visual Studio Solution File, Format Version 12.00
# Visual Studio Version 17
VisualStudioVersion = 17.3.32929.385
MinimumVisualStudioVersion = 10.0.40219.1
Project("{FAE04EC0-301F-11D3-BF4B-00C04F79EFBC}") = "Animals_Program", "Animals_Program\Animals_Program.csproj", "{713B5928-6D03-4706-95F3-F6A1F4342007}"
EndProject
Global
	GlobalSection(SolutionConfigurationPlatforms) = preSolution
		Debug|Any CPU = Debug|Any CPU
		Release|Any CPU = Release|Any CPU
	EndGlobalSection
	GlobalSection(ProjectConfigurationPlatforms) = postSolution
		{713B5928-6D03-4706-95F3-F6A1F4342007}.Debug|Any CPU.ActiveCfg = Debug|Any CPU
		{713B5928-6D03-4706-95F3-F6A1F4342007}.Debug|Any CPU.Build.0 = Debug|Any CPU
		{713B5928-6D03-4706-95F3-F6A1F4342007}.Release|Any CPU.ActiveCfg = Release|Any CPU
		{713B5928-6D03-4706-95F3-F6A1F4342007}.Release|Any CPU.Build.0 = Release|Any CPU
	EndGlobalSection
	GlobalSection(SolutionProperties) = preSolution
		HideSolutionNode = FALSE
	EndGlobalSection
	GlobalSection(ExtensibilityGlobals) = postSolution
		SolutionGuid = {D170FAA8-7413-4CB6-ADDD-CB6C714C9474}
	EndGlobalSection
EndGlobal
